[[package]]
id = "org.luna.core"
version = "0.3.0"
source = "workspace:core"
hash = "workspace-unpublished-core"

[[package]]
id = "org.luna.sys"
version = "0.3.0"
source = "workspace:sys"
hash = "workspace-unpublished-sys"

[[package]]
id = "org.luna.alloc"
version = "0.3.0"
source = "workspace:alloc"
hash = "workspace-unpublished-alloc"

[[package]]
id = "org.luna.std"
version = "0.3.0"
source = "workspace:std"
hash = "workspace-unpublished-std"
